
Microsoft Visual Studio Solution File, Format Version 12.00
# Visual Studio Version 16
VisualStudioVersion = 16.0.29201.188
MinimumVisualStudioVersion = 10.0.40219.1
Project("{888888A0-9F3D-457C-B088-3A5042F75D52}") = "parseq", "parseq.pyproj", "{36FFAA15-CAFF-4ABC-95A9-9991D6C4D711}"
EndProject
Global
	GlobalSection(SolutionConfigurationPlatforms) = preSolution
		Debug|Any CPU = Debug|Any CPU
		Release|Any CPU = Release|Any CPU
	EndGlobalSection
	GlobalSection(ProjectConfigurationPlatforms) = postSolution
		{36FFAA15-CAFF-4ABC-95A9-9991D6C4D711}.Debug|Any CPU.ActiveCfg = Debug|Any CPU
		{36FFAA15-CAFF-4ABC-95A9-9991D6C4D711}.Release|Any CPU.ActiveCfg = Release|Any CPU
	EndGlobalSection
	GlobalSection(SolutionProperties) = preSolution
		HideSolutionNode = FALSE
	EndGlobalSection
	GlobalSection(ExtensibilityGlobals) = postSolution
		SolutionGuid = {54017E81-29D6-43D7-92CA-8330A47AEEC0}
	EndGlobalSection
EndGlobal
